<?xml version="1.0" encoding="UTF-8"?>
<!DOCTYPE plist PUBLIC "-//Apple//DTD PLIST 1.0//EN" "http://www.apple.com/DTDs/PropertyList-1.0.dtd">
<plist version="1.0">
<dict>
	<key>archiveVersion</key>
	<string>1</string>
	<key>classes</key>
	<dict/>
	<key>objectVersion</key>
	<string>46</string>
	<key>objects</key>
	<dict>
		<key>0E321C181D27410F000AC5AD</key>
		<dict>
			<key>fileEncoding</key>
			<string>4</string>
			<key>isa</key>
			<string>PBXFileReference</string>
			<key>lastKnownFileType</key>
			<string>sourcecode.swift</string>
			<key>path</key>
			<string>MainUsersTableViewController.swift</string>
			<key>sourceTree</key>
			<string>&lt;group&gt;</string>
		</dict>
		<key>0E321C191D27410F000AC5AD</key>
		<dict>
			<key>fileRef</key>
			<string>0E321C181D27410F000AC5AD</string>
			<key>isa</key>
			<string>PBXBuildFile</string>
		</dict>
		<key>0E321C1A1D27565E000AC5AD</key>
		<dict>
			<key>children</key>
			<array>
				<string>0EEDEB7C1D2AE9EF00229D6C</string>
				<string>0E321C181D27410F000AC5AD</string>
				<string>0E47BAA11D28606600FDCA45</string>
				<string>0E321C1B1D27567F000AC5AD</string>
			</array>
			<key>isa</key>
			<string>PBXGroup</string>
			<key>name</key>
			<string>View Controllers</string>
			<key>sourceTree</key>
			<string>&lt;group&gt;</string>
		</dict>
		<key>0E321C1B1D27567F000AC5AD</key>
		<dict>
			<key>fileEncoding</key>
			<string>4</string>
			<key>isa</key>
			<string>PBXFileReference</string>
			<key>lastKnownFileType</key>
			<string>sourcecode.swift</string>
			<key>path</key>
			<string>NewUserTableViewController.swift</string>
			<key>sourceTree</key>
			<string>&lt;group&gt;</string>
		</dict>
		<key>0E321C1C1D27567F000AC5AD</key>
		<dict>
			<key>fileRef</key>
			<string>0E321C1B1D27567F000AC5AD</string>
			<key>isa</key>
			<string>PBXBuildFile</string>
		</dict>
		<key>0E47BA961D28586C00FDCA45</key>
		<dict>
			<key>children</key>
			<array>
				<string>0E47BA971D28586C00FDCA45</string>
			</array>
			<key>currentVersion</key>
			<string>0E47BA971D28586C00FDCA45</string>
			<key>isa</key>
			<string>XCVersionGroup</string>
			<key>path</key>
			<string>iLabeaconModel.xcdatamodeld</string>
			<key>sourceTree</key>
			<string>&lt;group&gt;</string>
			<key>versionGroupType</key>
			<string>wrapper.xcdatamodel</string>
		</dict>
		<key>0E47BA971D28586C00FDCA45</key>
		<dict>
			<key>isa</key>
			<string>PBXFileReference</string>
			<key>lastKnownFileType</key>
			<string>wrapper.xcdatamodel</string>
			<key>path</key>
			<string>iLabeaconModel.xcdatamodel</string>
			<key>sourceTree</key>
			<string>&lt;group&gt;</string>
		</dict>
		<key>0E47BA981D28586C00FDCA45</key>
		<dict>
			<key>fileRef</key>
			<string>0E47BA961D28586C00FDCA45</string>
			<key>isa</key>
			<string>PBXBuildFile</string>
		</dict>
		<key>0E47BA991D28592800FDCA45</key>
		<dict>
			<key>fileEncoding</key>
			<string>4</string>
			<key>isa</key>
			<string>PBXFileReference</string>
			<key>lastKnownFileType</key>
			<string>sourcecode.swift</string>
			<key>path</key>
			<string>Beacon+CoreDataProperties.swift</string>
			<key>sourceTree</key>
			<string>&lt;group&gt;</string>
		</dict>
		<key>0E47BA9A1D28592800FDCA45</key>
		<dict>
			<key>fileEncoding</key>
			<string>4</string>
			<key>isa</key>
			<string>PBXFileReference</string>
			<key>lastKnownFileType</key>
			<string>sourcecode.swift</string>
			<key>path</key>
			<string>Beacon.swift</string>
			<key>sourceTree</key>
			<string>&lt;group&gt;</string>
		</dict>
		<key>0E47BA9B1D28592800FDCA45</key>
		<dict>
			<key>fileEncoding</key>
			<string>4</string>
			<key>isa</key>
			<string>PBXFileReference</string>
			<key>lastKnownFileType</key>
			<string>sourcecode.swift</string>
			<key>path</key>
			<string>User+CoreDataProperties.swift</string>
			<key>sourceTree</key>
			<string>&lt;group&gt;</string>
		</dict>
		<key>0E47BA9C1D28592800FDCA45</key>
		<dict>
			<key>fileEncoding</key>
			<string>4</string>
			<key>isa</key>
			<string>PBXFileReference</string>
			<key>lastKnownFileType</key>
			<string>sourcecode.swift</string>
			<key>path</key>
			<string>User.swift</string>
			<key>sourceTree</key>
			<string>&lt;group&gt;</string>
		</dict>
		<key>0E47BA9D1D28592800FDCA45</key>
		<dict>
			<key>fileRef</key>
			<string>0E47BA991D28592800FDCA45</string>
			<key>isa</key>
			<string>PBXBuildFile</string>
		</dict>
		<key>0E47BA9E1D28592800FDCA45</key>
		<dict>
			<key>fileRef</key>
			<string>0E47BA9A1D28592800FDCA45</string>
			<key>isa</key>
			<string>PBXBuildFile</string>
		</dict>
		<key>0E47BA9F1D28592800FDCA45</key>
		<dict>
			<key>fileRef</key>
			<string>0E47BA9B1D28592800FDCA45</string>
			<key>isa</key>
			<string>PBXBuildFile</string>
		</dict>
		<key>0E47BAA01D28592800FDCA45</key>
		<dict>
			<key>fileRef</key>
			<string>0E47BA9C1D28592800FDCA45</string>
			<key>isa</key>
			<string>PBXBuildFile</string>
		</dict>
		<key>0E47BAA11D28606600FDCA45</key>
		<dict>
			<key>fileEncoding</key>
			<string>4</string>
			<key>isa</key>
			<string>PBXFileReference</string>
			<key>lastKnownFileType</key>
			<string>sourcecode.swift</string>
			<key>path</key>
			<string>SelectedUserTableViewController.swift</string>
			<key>sourceTree</key>
			<string>&lt;group&gt;</string>
		</dict>
		<key>0E47BAA21D28606600FDCA45</key>
		<dict>
			<key>fileRef</key>
			<string>0E47BAA11D28606600FDCA45</string>
			<key>isa</key>
			<string>PBXBuildFile</string>
		</dict>
		<key>0E5FAA421D1523080096B43B</key>
		<dict>
			<key>children</key>
			<array>
				<string>0E5FAA4D1D1523080096B43B</string>
				<string>0E5FAA621D1523080096B43B</string>
				<string>0E5FAA6D1D1523080096B43B</string>
				<string>0E5FAA4C1D1523080096B43B</string>
				<string>EBFFC4105DA871B4A150439B</string>
				<string>4B07A2A371A3D50786D63190</string>
			</array>
			<key>isa</key>
			<string>PBXGroup</string>
			<key>sourceTree</key>
			<string>&lt;group&gt;</string>
		</dict>
		<key>0E5FAA431D1523080096B43B</key>
		<dict>
			<key>attributes</key>
			<dict>
				<key>LastSwiftUpdateCheck</key>
				<string>0730</string>
				<key>LastUpgradeCheck</key>
				<string>0730</string>
				<key>ORGANIZATIONNAME</key>
				<string>Peter Kos</string>
				<key>TargetAttributes</key>
				<dict>
					<key>0E5FAA4A1D1523080096B43B</key>
					<dict>
						<key>CreatedOnToolsVersion</key>
						<string>7.3.1</string>
					</dict>
					<key>0E5FAA5E1D1523080096B43B</key>
					<dict>
						<key>CreatedOnToolsVersion</key>
						<string>7.3.1</string>
						<key>TestTargetID</key>
						<string>0E5FAA4A1D1523080096B43B</string>
					</dict>
					<key>0E5FAA691D1523080096B43B</key>
					<dict>
						<key>CreatedOnToolsVersion</key>
						<string>7.3.1</string>
						<key>TestTargetID</key>
						<string>0E5FAA4A1D1523080096B43B</string>
					</dict>
				</dict>
			</dict>
			<key>buildConfigurationList</key>
			<string>0E5FAA461D1523080096B43B</string>
			<key>compatibilityVersion</key>
			<string>Xcode 3.2</string>
			<key>developmentRegion</key>
			<string>English</string>
			<key>hasScannedForEncodings</key>
			<string>0</string>
			<key>isa</key>
			<string>PBXProject</string>
			<key>knownRegions</key>
			<array>
				<string>en</string>
				<string>Base</string>
			</array>
			<key>mainGroup</key>
			<string>0E5FAA421D1523080096B43B</string>
			<key>productRefGroup</key>
			<string>0E5FAA4C1D1523080096B43B</string>
			<key>projectDirPath</key>
			<string></string>
			<key>projectReferences</key>
			<array/>
			<key>projectRoot</key>
			<string></string>
			<key>targets</key>
			<array>
				<string>0E5FAA4A1D1523080096B43B</string>
				<string>0E5FAA5E1D1523080096B43B</string>
				<string>0E5FAA691D1523080096B43B</string>
			</array>
		</dict>
		<key>0E5FAA461D1523080096B43B</key>
		<dict>
			<key>buildConfigurations</key>
			<array>
				<string>0E5FAA711D1523080096B43B</string>
				<string>0E5FAA721D1523080096B43B</string>
			</array>
			<key>defaultConfigurationIsVisible</key>
			<string>0</string>
			<key>defaultConfigurationName</key>
			<string>Release</string>
			<key>isa</key>
			<string>XCConfigurationList</string>
		</dict>
		<key>0E5FAA471D1523080096B43B</key>
		<dict>
			<key>buildActionMask</key>
			<string>2147483647</string>
			<key>files</key>
			<array>
				<string>0E47BA9D1D28592800FDCA45</string>
				<string>0E321C1C1D27567F000AC5AD</string>
				<string>0E5FAA4F1D1523080096B43B</string>
				<string>0E5FAA7D1D1523140096B43B</string>
				<string>0E47BA981D28586C00FDCA45</string>
				<string>0E47BAA21D28606600FDCA45</string>
				<string>0E321C191D27410F000AC5AD</string>
				<string>0ED99A711D270BFF0075E91F</string>
				<string>0E47BA9E1D28592800FDCA45</string>
				<string>0EEDEB7D1D2AE9EF00229D6C</string>
				<string>0E47BAA01D28592800FDCA45</string>
				<string>0E47BA9F1D28592800FDCA45</string>
			</array>
			<key>isa</key>
			<string>PBXSourcesBuildPhase</string>
			<key>runOnlyForDeploymentPostprocessing</key>
			<string>0</string>
		</dict>
		<key>0E5FAA481D1523080096B43B</key>
		<dict>
			<key>buildActionMask</key>
			<string>2147483647</string>
			<key>files</key>
			<array>
				<string>9EDEFBFB7ECC732D1B7F1F6A</string>
			</array>
			<key>isa</key>
			<string>PBXFrameworksBuildPhase</string>
			<key>runOnlyForDeploymentPostprocessing</key>
			<string>0</string>
		</dict>
		<key>0E5FAA491D1523080096B43B</key>
		<dict>
			<key>buildActionMask</key>
			<string>2147483647</string>
			<key>files</key>
			<array>
				<string>0E5FAA591D1523080096B43B</string>
				<string>0E5FAA561D1523080096B43B</string>
				<string>0E5FAA541D1523080096B43B</string>
			</array>
			<key>isa</key>
			<string>PBXResourcesBuildPhase</string>
			<key>runOnlyForDeploymentPostprocessing</key>
			<string>0</string>
		</dict>
		<key>0E5FAA4A1D1523080096B43B</key>
		<dict>
			<key>buildConfigurationList</key>
			<string>0E5FAA731D1523080096B43B</string>
			<key>buildPhases</key>
			<array>
				<string>CCDFB3FEEEC36F43B678B3C3</string>
				<string>0E5FAA471D1523080096B43B</string>
				<string>0E5FAA481D1523080096B43B</string>
				<string>0E5FAA491D1523080096B43B</string>
				<string>AA4BD72455C867AE8E079D08</string>
				<string>DAEF2F5043563171EEEFE1DC</string>
			</array>
			<key>buildRules</key>
			<array/>
			<key>dependencies</key>
			<array/>
			<key>isa</key>
			<string>PBXNativeTarget</string>
			<key>name</key>
			<string>iLabeacon</string>
			<key>productName</key>
			<string>iLabeacon</string>
			<key>productReference</key>
			<string>0E5FAA4B1D1523080096B43B</string>
			<key>productType</key>
			<string>com.apple.product-type.application</string>
		</dict>
		<key>0E5FAA4B1D1523080096B43B</key>
		<dict>
			<key>explicitFileType</key>
			<string>wrapper.application</string>
			<key>includeInIndex</key>
			<string>0</string>
			<key>isa</key>
			<string>PBXFileReference</string>
			<key>path</key>
			<string>iLabeacon.app</string>
			<key>sourceTree</key>
			<string>BUILT_PRODUCTS_DIR</string>
		</dict>
		<key>0E5FAA4C1D1523080096B43B</key>
		<dict>
			<key>children</key>
			<array>
				<string>0E5FAA4B1D1523080096B43B</string>
				<string>0E5FAA5F1D1523080096B43B</string>
				<string>0E5FAA6A1D1523080096B43B</string>
			</array>
			<key>isa</key>
			<string>PBXGroup</string>
			<key>name</key>
			<string>Products</string>
			<key>sourceTree</key>
			<string>&lt;group&gt;</string>
		</dict>
		<key>0E5FAA4D1D1523080096B43B</key>
		<dict>
			<key>children</key>
			<array>
				<string>0E5FAA4E1D1523080096B43B</string>
				<string>0E5FAA521D1523080096B43B</string>
				<string>0E5FAA571D1523080096B43B</string>
				<string>0E321C1A1D27565E000AC5AD</string>
				<string>0E5FAA7C1D1523140096B43B</string>
				<string>0ED99A6F1D270BED0075E91F</string>
				<string>0E47BA991D28592800FDCA45</string>
				<string>0E47BA9A1D28592800FDCA45</string>
				<string>0E47BA9B1D28592800FDCA45</string>
				<string>0E47BA9C1D28592800FDCA45</string>
				<string>0E5FAA5A1D1523080096B43B</string>
				<string>0E5FAA551D1523080096B43B</string>
			</array>
			<key>isa</key>
			<string>PBXGroup</string>
			<key>path</key>
			<string>iLabeacon</string>
			<key>sourceTree</key>
			<string>&lt;group&gt;</string>
		</dict>
		<key>0E5FAA4E1D1523080096B43B</key>
		<dict>
			<key>isa</key>
			<string>PBXFileReference</string>
			<key>lastKnownFileType</key>
			<string>sourcecode.swift</string>
			<key>path</key>
			<string>AppDelegate.swift</string>
			<key>sourceTree</key>
			<string>&lt;group&gt;</string>
		</dict>
		<key>0E5FAA4F1D1523080096B43B</key>
		<dict>
			<key>fileRef</key>
			<string>0E5FAA4E1D1523080096B43B</string>
			<key>isa</key>
			<string>PBXBuildFile</string>
		</dict>
		<key>0E5FAA521D1523080096B43B</key>
		<dict>
			<key>children</key>
			<array>
				<string>0E5FAA531D1523080096B43B</string>
			</array>
			<key>isa</key>
			<string>PBXVariantGroup</string>
			<key>name</key>
			<string>Main.storyboard</string>
			<key>sourceTree</key>
			<string>&lt;group&gt;</string>
		</dict>
		<key>0E5FAA531D1523080096B43B</key>
		<dict>
			<key>isa</key>
			<string>PBXFileReference</string>
			<key>lastKnownFileType</key>
			<string>file.storyboard</string>
			<key>name</key>
			<string>Base</string>
			<key>path</key>
			<string>Base.lproj/Main.storyboard</string>
			<key>sourceTree</key>
			<string>&lt;group&gt;</string>
		</dict>
		<key>0E5FAA541D1523080096B43B</key>
		<dict>
			<key>fileRef</key>
			<string>0E5FAA521D1523080096B43B</string>
			<key>isa</key>
			<string>PBXBuildFile</string>
		</dict>
		<key>0E5FAA551D1523080096B43B</key>
		<dict>
			<key>isa</key>
			<string>PBXFileReference</string>
			<key>lastKnownFileType</key>
			<string>folder.assetcatalog</string>
			<key>path</key>
			<string>Assets.xcassets</string>
			<key>sourceTree</key>
			<string>&lt;group&gt;</string>
		</dict>
		<key>0E5FAA561D1523080096B43B</key>
		<dict>
			<key>fileRef</key>
			<string>0E5FAA551D1523080096B43B</string>
			<key>isa</key>
			<string>PBXBuildFile</string>
		</dict>
		<key>0E5FAA571D1523080096B43B</key>
		<dict>
			<key>children</key>
			<array>
				<string>0E5FAA581D1523080096B43B</string>
			</array>
			<key>isa</key>
			<string>PBXVariantGroup</string>
			<key>name</key>
			<string>LaunchScreen.storyboard</string>
			<key>sourceTree</key>
			<string>&lt;group&gt;</string>
		</dict>
		<key>0E5FAA581D1523080096B43B</key>
		<dict>
			<key>isa</key>
			<string>PBXFileReference</string>
			<key>lastKnownFileType</key>
			<string>file.storyboard</string>
			<key>name</key>
			<string>Base</string>
			<key>path</key>
			<string>Base.lproj/LaunchScreen.storyboard</string>
			<key>sourceTree</key>
			<string>&lt;group&gt;</string>
		</dict>
		<key>0E5FAA591D1523080096B43B</key>
		<dict>
			<key>fileRef</key>
			<string>0E5FAA571D1523080096B43B</string>
			<key>isa</key>
			<string>PBXBuildFile</string>
		</dict>
		<key>0E5FAA5A1D1523080096B43B</key>
		<dict>
			<key>isa</key>
			<string>PBXFileReference</string>
			<key>lastKnownFileType</key>
			<string>text.plist.xml</string>
			<key>path</key>
			<string>Info.plist</string>
			<key>sourceTree</key>
			<string>&lt;group&gt;</string>
		</dict>
		<key>0E5FAA5B1D1523080096B43B</key>
		<dict>
			<key>buildActionMask</key>
			<string>2147483647</string>
			<key>files</key>
			<array>
				<string>0E5FAA641D1523080096B43B</string>
			</array>
			<key>isa</key>
			<string>PBXSourcesBuildPhase</string>
			<key>runOnlyForDeploymentPostprocessing</key>
			<string>0</string>
		</dict>
		<key>0E5FAA5C1D1523080096B43B</key>
		<dict>
			<key>buildActionMask</key>
			<string>2147483647</string>
			<key>files</key>
			<array/>
			<key>isa</key>
			<string>PBXFrameworksBuildPhase</string>
			<key>runOnlyForDeploymentPostprocessing</key>
			<string>0</string>
		</dict>
		<key>0E5FAA5D1D1523080096B43B</key>
		<dict>
			<key>buildActionMask</key>
			<string>2147483647</string>
			<key>files</key>
			<array/>
			<key>isa</key>
			<string>PBXResourcesBuildPhase</string>
			<key>runOnlyForDeploymentPostprocessing</key>
			<string>0</string>
		</dict>
		<key>0E5FAA5E1D1523080096B43B</key>
		<dict>
			<key>buildConfigurationList</key>
			<string>0E5FAA761D1523080096B43B</string>
			<key>buildPhases</key>
			<array>
				<string>0E5FAA5B1D1523080096B43B</string>
				<string>0E5FAA5C1D1523080096B43B</string>
				<string>0E5FAA5D1D1523080096B43B</string>
			</array>
			<key>buildRules</key>
			<array/>
			<key>dependencies</key>
			<array>
				<string>0E5FAA611D1523080096B43B</string>
			</array>
			<key>isa</key>
			<string>PBXNativeTarget</string>
			<key>name</key>
			<string>iLabeaconTests</string>
			<key>productName</key>
			<string>iLabeaconTests</string>
			<key>productReference</key>
			<string>0E5FAA5F1D1523080096B43B</string>
			<key>productType</key>
			<string>com.apple.product-type.bundle.unit-test</string>
		</dict>
		<key>0E5FAA5F1D1523080096B43B</key>
		<dict>
			<key>explicitFileType</key>
			<string>wrapper.cfbundle</string>
			<key>includeInIndex</key>
			<string>0</string>
			<key>isa</key>
			<string>PBXFileReference</string>
			<key>path</key>
			<string>iLabeaconTests.xctest</string>
			<key>sourceTree</key>
			<string>BUILT_PRODUCTS_DIR</string>
		</dict>
		<key>0E5FAA601D1523080096B43B</key>
		<dict>
			<key>containerPortal</key>
			<string>0E5FAA431D1523080096B43B</string>
			<key>isa</key>
			<string>PBXContainerItemProxy</string>
			<key>proxyType</key>
			<string>1</string>
			<key>remoteGlobalIDString</key>
			<string>0E5FAA4A1D1523080096B43B</string>
			<key>remoteInfo</key>
			<string>iLabeacon</string>
		</dict>
		<key>0E5FAA611D1523080096B43B</key>
		<dict>
			<key>isa</key>
			<string>PBXTargetDependency</string>
			<key>target</key>
			<string>0E5FAA4A1D1523080096B43B</string>
			<key>targetProxy</key>
			<string>0E5FAA601D1523080096B43B</string>
		</dict>
		<key>0E5FAA621D1523080096B43B</key>
		<dict>
			<key>children</key>
			<array>
				<string>0E5FAA631D1523080096B43B</string>
				<string>0E5FAA651D1523080096B43B</string>
			</array>
			<key>isa</key>
			<string>PBXGroup</string>
			<key>path</key>
			<string>iLabeaconTests</string>
			<key>sourceTree</key>
			<string>&lt;group&gt;</string>
		</dict>
		<key>0E5FAA631D1523080096B43B</key>
		<dict>
			<key>isa</key>
			<string>PBXFileReference</string>
			<key>lastKnownFileType</key>
			<string>sourcecode.swift</string>
			<key>path</key>
			<string>iLabeaconTests.swift</string>
			<key>sourceTree</key>
			<string>&lt;group&gt;</string>
		</dict>
		<key>0E5FAA641D1523080096B43B</key>
		<dict>
			<key>fileRef</key>
			<string>0E5FAA631D1523080096B43B</string>
			<key>isa</key>
			<string>PBXBuildFile</string>
		</dict>
		<key>0E5FAA651D1523080096B43B</key>
		<dict>
			<key>isa</key>
			<string>PBXFileReference</string>
			<key>lastKnownFileType</key>
			<string>text.plist.xml</string>
			<key>path</key>
			<string>Info.plist</string>
			<key>sourceTree</key>
			<string>&lt;group&gt;</string>
		</dict>
		<key>0E5FAA661D1523080096B43B</key>
		<dict>
			<key>buildActionMask</key>
			<string>2147483647</string>
			<key>files</key>
			<array>
				<string>0E5FAA6F1D1523080096B43B</string>
			</array>
			<key>isa</key>
			<string>PBXSourcesBuildPhase</string>
			<key>runOnlyForDeploymentPostprocessing</key>
			<string>0</string>
		</dict>
		<key>0E5FAA671D1523080096B43B</key>
		<dict>
			<key>buildActionMask</key>
			<string>2147483647</string>
			<key>files</key>
			<array/>
			<key>isa</key>
			<string>PBXFrameworksBuildPhase</string>
			<key>runOnlyForDeploymentPostprocessing</key>
			<string>0</string>
		</dict>
		<key>0E5FAA681D1523080096B43B</key>
		<dict>
			<key>buildActionMask</key>
			<string>2147483647</string>
			<key>files</key>
			<array/>
			<key>isa</key>
			<string>PBXResourcesBuildPhase</string>
			<key>runOnlyForDeploymentPostprocessing</key>
			<string>0</string>
		</dict>
		<key>0E5FAA691D1523080096B43B</key>
		<dict>
			<key>buildConfigurationList</key>
			<string>0E5FAA791D1523080096B43B</string>
			<key>buildPhases</key>
			<array>
				<string>0E5FAA661D1523080096B43B</string>
				<string>0E5FAA671D1523080096B43B</string>
				<string>0E5FAA681D1523080096B43B</string>
			</array>
			<key>buildRules</key>
			<array/>
			<key>dependencies</key>
			<array>
				<string>0E5FAA6C1D1523080096B43B</string>
			</array>
			<key>isa</key>
			<string>PBXNativeTarget</string>
			<key>name</key>
			<string>iLabeaconUITests</string>
			<key>productName</key>
			<string>iLabeaconUITests</string>
			<key>productReference</key>
			<string>0E5FAA6A1D1523080096B43B</string>
			<key>productType</key>
			<string>com.apple.product-type.bundle.ui-testing</string>
		</dict>
		<key>0E5FAA6A1D1523080096B43B</key>
		<dict>
			<key>explicitFileType</key>
			<string>wrapper.cfbundle</string>
			<key>includeInIndex</key>
			<string>0</string>
			<key>isa</key>
			<string>PBXFileReference</string>
			<key>path</key>
			<string>iLabeaconUITests.xctest</string>
			<key>sourceTree</key>
			<string>BUILT_PRODUCTS_DIR</string>
		</dict>
		<key>0E5FAA6B1D1523080096B43B</key>
		<dict>
			<key>containerPortal</key>
			<string>0E5FAA431D1523080096B43B</string>
			<key>isa</key>
			<string>PBXContainerItemProxy</string>
			<key>proxyType</key>
			<string>1</string>
			<key>remoteGlobalIDString</key>
			<string>0E5FAA4A1D1523080096B43B</string>
			<key>remoteInfo</key>
			<string>iLabeacon</string>
		</dict>
		<key>0E5FAA6C1D1523080096B43B</key>
		<dict>
			<key>isa</key>
			<string>PBXTargetDependency</string>
			<key>target</key>
			<string>0E5FAA4A1D1523080096B43B</string>
			<key>targetProxy</key>
			<string>0E5FAA6B1D1523080096B43B</string>
		</dict>
		<key>0E5FAA6D1D1523080096B43B</key>
		<dict>
			<key>children</key>
			<array>
				<string>0E5FAA6E1D1523080096B43B</string>
				<string>0E5FAA701D1523080096B43B</string>
			</array>
			<key>isa</key>
			<string>PBXGroup</string>
			<key>path</key>
			<string>iLabeaconUITests</string>
			<key>sourceTree</key>
			<string>&lt;group&gt;</string>
		</dict>
		<key>0E5FAA6E1D1523080096B43B</key>
		<dict>
			<key>isa</key>
			<string>PBXFileReference</string>
			<key>lastKnownFileType</key>
			<string>sourcecode.swift</string>
			<key>path</key>
			<string>iLabeaconUITests.swift</string>
			<key>sourceTree</key>
			<string>&lt;group&gt;</string>
		</dict>
		<key>0E5FAA6F1D1523080096B43B</key>
		<dict>
			<key>fileRef</key>
			<string>0E5FAA6E1D1523080096B43B</string>
			<key>isa</key>
			<string>PBXBuildFile</string>
		</dict>
		<key>0E5FAA701D1523080096B43B</key>
		<dict>
			<key>isa</key>
			<string>PBXFileReference</string>
			<key>lastKnownFileType</key>
			<string>text.plist.xml</string>
			<key>path</key>
			<string>Info.plist</string>
			<key>sourceTree</key>
			<string>&lt;group&gt;</string>
		</dict>
		<key>0E5FAA711D1523080096B43B</key>
		<dict>
			<key>buildSettings</key>
			<dict>
				<key>ALWAYS_SEARCH_USER_PATHS</key>
				<string>NO</string>
				<key>CLANG_ANALYZER_NONNULL</key>
				<string>YES</string>
				<key>CLANG_CXX_LANGUAGE_STANDARD</key>
				<string>gnu++0x</string>
				<key>CLANG_CXX_LIBRARY</key>
				<string>libc++</string>
				<key>CLANG_ENABLE_MODULES</key>
				<string>YES</string>
				<key>CLANG_ENABLE_OBJC_ARC</key>
				<string>YES</string>
				<key>CLANG_WARN_BOOL_CONVERSION</key>
				<string>YES</string>
				<key>CLANG_WARN_CONSTANT_CONVERSION</key>
				<string>YES</string>
				<key>CLANG_WARN_DIRECT_OBJC_ISA_USAGE</key>
				<string>YES_ERROR</string>
				<key>CLANG_WARN_EMPTY_BODY</key>
				<string>YES</string>
				<key>CLANG_WARN_ENUM_CONVERSION</key>
				<string>YES</string>
				<key>CLANG_WARN_INT_CONVERSION</key>
				<string>YES</string>
				<key>CLANG_WARN_OBJC_ROOT_CLASS</key>
				<string>YES_ERROR</string>
				<key>CLANG_WARN_UNREACHABLE_CODE</key>
				<string>YES</string>
				<key>CLANG_WARN__DUPLICATE_METHOD_MATCH</key>
				<string>YES</string>
				<key>CODE_SIGN_IDENTITY[sdk=iphoneos*]</key>
				<string>iPhone Developer</string>
				<key>COPY_PHASE_STRIP</key>
				<string>NO</string>
				<key>DEBUG_INFORMATION_FORMAT</key>
				<string>dwarf</string>
				<key>ENABLE_STRICT_OBJC_MSGSEND</key>
				<string>YES</string>
				<key>ENABLE_TESTABILITY</key>
				<string>YES</string>
				<key>GCC_C_LANGUAGE_STANDARD</key>
				<string>gnu99</string>
				<key>GCC_DYNAMIC_NO_PIC</key>
				<string>NO</string>
				<key>GCC_NO_COMMON_BLOCKS</key>
				<string>YES</string>
				<key>GCC_OPTIMIZATION_LEVEL</key>
				<string>0</string>
				<key>GCC_PREPROCESSOR_DEFINITIONS</key>
				<array>
					<string>DEBUG=1</string>
					<string>$(inherited)</string>
				</array>
				<key>GCC_WARN_64_TO_32_BIT_CONVERSION</key>
				<string>YES</string>
				<key>GCC_WARN_ABOUT_RETURN_TYPE</key>
				<string>YES_ERROR</string>
				<key>GCC_WARN_UNDECLARED_SELECTOR</key>
				<string>YES</string>
				<key>GCC_WARN_UNINITIALIZED_AUTOS</key>
				<string>YES_AGGRESSIVE</string>
				<key>GCC_WARN_UNUSED_FUNCTION</key>
				<string>YES</string>
				<key>GCC_WARN_UNUSED_VARIABLE</key>
				<string>YES</string>
				<key>IPHONEOS_DEPLOYMENT_TARGET</key>
				<string>9.3</string>
				<key>MTL_ENABLE_DEBUG_INFO</key>
				<string>YES</string>
				<key>ONLY_ACTIVE_ARCH</key>
				<string>YES</string>
				<key>SDKROOT</key>
				<string>iphoneos</string>
				<key>SWIFT_OPTIMIZATION_LEVEL</key>
				<string>-Onone</string>
				<key>TARGETED_DEVICE_FAMILY</key>
				<string>1,2</string>
			</dict>
			<key>isa</key>
			<string>XCBuildConfiguration</string>
			<key>name</key>
			<string>Debug</string>
		</dict>
		<key>0E5FAA721D1523080096B43B</key>
		<dict>
			<key>buildSettings</key>
			<dict>
				<key>ALWAYS_SEARCH_USER_PATHS</key>
				<string>NO</string>
				<key>CLANG_ANALYZER_NONNULL</key>
				<string>YES</string>
				<key>CLANG_CXX_LANGUAGE_STANDARD</key>
				<string>gnu++0x</string>
				<key>CLANG_CXX_LIBRARY</key>
				<string>libc++</string>
				<key>CLANG_ENABLE_MODULES</key>
				<string>YES</string>
				<key>CLANG_ENABLE_OBJC_ARC</key>
				<string>YES</string>
				<key>CLANG_WARN_BOOL_CONVERSION</key>
				<string>YES</string>
				<key>CLANG_WARN_CONSTANT_CONVERSION</key>
				<string>YES</string>
				<key>CLANG_WARN_DIRECT_OBJC_ISA_USAGE</key>
				<string>YES_ERROR</string>
				<key>CLANG_WARN_EMPTY_BODY</key>
				<string>YES</string>
				<key>CLANG_WARN_ENUM_CONVERSION</key>
				<string>YES</string>
				<key>CLANG_WARN_INT_CONVERSION</key>
				<string>YES</string>
				<key>CLANG_WARN_OBJC_ROOT_CLASS</key>
				<string>YES_ERROR</string>
				<key>CLANG_WARN_UNREACHABLE_CODE</key>
				<string>YES</string>
				<key>CLANG_WARN__DUPLICATE_METHOD_MATCH</key>
				<string>YES</string>
				<key>CODE_SIGN_IDENTITY[sdk=iphoneos*]</key>
				<string>iPhone Developer</string>
				<key>COPY_PHASE_STRIP</key>
				<string>NO</string>
				<key>DEBUG_INFORMATION_FORMAT</key>
				<string>dwarf-with-dsym</string>
				<key>ENABLE_NS_ASSERTIONS</key>
				<string>NO</string>
				<key>ENABLE_STRICT_OBJC_MSGSEND</key>
				<string>YES</string>
				<key>GCC_C_LANGUAGE_STANDARD</key>
				<string>gnu99</string>
				<key>GCC_NO_COMMON_BLOCKS</key>
				<string>YES</string>
				<key>GCC_WARN_64_TO_32_BIT_CONVERSION</key>
				<string>YES</string>
				<key>GCC_WARN_ABOUT_RETURN_TYPE</key>
				<string>YES_ERROR</string>
				<key>GCC_WARN_UNDECLARED_SELECTOR</key>
				<string>YES</string>
				<key>GCC_WARN_UNINITIALIZED_AUTOS</key>
				<string>YES_AGGRESSIVE</string>
				<key>GCC_WARN_UNUSED_FUNCTION</key>
				<string>YES</string>
				<key>GCC_WARN_UNUSED_VARIABLE</key>
				<string>YES</string>
				<key>IPHONEOS_DEPLOYMENT_TARGET</key>
				<string>9.3</string>
				<key>MTL_ENABLE_DEBUG_INFO</key>
				<string>NO</string>
				<key>SDKROOT</key>
				<string>iphoneos</string>
				<key>TARGETED_DEVICE_FAMILY</key>
				<string>1,2</string>
				<key>VALIDATE_PRODUCT</key>
				<string>YES</string>
			</dict>
			<key>isa</key>
			<string>XCBuildConfiguration</string>
			<key>name</key>
			<string>Release</string>
		</dict>
		<key>0E5FAA731D1523080096B43B</key>
		<dict>
			<key>buildConfigurations</key>
			<array>
				<string>0E5FAA741D1523080096B43B</string>
				<string>0E5FAA751D1523080096B43B</string>
			</array>
			<key>defaultConfigurationIsVisible</key>
			<string>0</string>
			<key>defaultConfigurationName</key>
			<string>Release</string>
			<key>isa</key>
			<string>XCConfigurationList</string>
		</dict>
		<key>0E5FAA741D1523080096B43B</key>
		<dict>
			<key>baseConfigurationReference</key>
			<string>B5FC5B746A350381BE6CC9A4</string>
			<key>buildSettings</key>
			<dict>
				<key>ASSETCATALOG_COMPILER_APPICON_NAME</key>
				<string>AppIcon</string>
				<key>INFOPLIST_FILE</key>
				<string>iLabeacon/Info.plist</string>
				<key>IPHONEOS_DEPLOYMENT_TARGET</key>
				<string>8.3</string>
				<key>LD_RUNPATH_SEARCH_PATHS</key>
				<string>$(inherited) @executable_path/Frameworks</string>
				<key>PRODUCT_BUNDLE_IDENTIFIER</key>
				<string>pc.iLabeacon</string>
				<key>PRODUCT_NAME</key>
				<string>$(TARGET_NAME)</string>
			</dict>
			<key>isa</key>
			<string>XCBuildConfiguration</string>
			<key>name</key>
			<string>Debug</string>
		</dict>
		<key>0E5FAA751D1523080096B43B</key>
		<dict>
			<key>baseConfigurationReference</key>
			<string>A5A1A428D843BF6FDFF4838A</string>
			<key>buildSettings</key>
			<dict>
				<key>ASSETCATALOG_COMPILER_APPICON_NAME</key>
				<string>AppIcon</string>
				<key>INFOPLIST_FILE</key>
				<string>iLabeacon/Info.plist</string>
				<key>IPHONEOS_DEPLOYMENT_TARGET</key>
				<string>8.3</string>
				<key>LD_RUNPATH_SEARCH_PATHS</key>
				<string>$(inherited) @executable_path/Frameworks</string>
				<key>PRODUCT_BUNDLE_IDENTIFIER</key>
				<string>pc.iLabeacon</string>
				<key>PRODUCT_NAME</key>
				<string>$(TARGET_NAME)</string>
			</dict>
			<key>isa</key>
			<string>XCBuildConfiguration</string>
			<key>name</key>
			<string>Release</string>
		</dict>
		<key>0E5FAA761D1523080096B43B</key>
		<dict>
			<key>buildConfigurations</key>
			<array>
				<string>0E5FAA771D1523080096B43B</string>
				<string>0E5FAA781D1523080096B43B</string>
			</array>
			<key>defaultConfigurationIsVisible</key>
			<string>0</string>
			<key>defaultConfigurationName</key>
			<string>Release</string>
			<key>isa</key>
			<string>XCConfigurationList</string>
		</dict>
		<key>0E5FAA771D1523080096B43B</key>
		<dict>
			<key>buildSettings</key>
			<dict>
				<key>BUNDLE_LOADER</key>
				<string>$(TEST_HOST)</string>
				<key>INFOPLIST_FILE</key>
				<string>iLabeaconTests/Info.plist</string>
				<key>LD_RUNPATH_SEARCH_PATHS</key>
				<string>$(inherited) @executable_path/Frameworks @loader_path/Frameworks</string>
				<key>PRODUCT_BUNDLE_IDENTIFIER</key>
				<string>pc.iLabeaconTests</string>
				<key>PRODUCT_NAME</key>
				<string>$(TARGET_NAME)</string>
				<key>TEST_HOST</key>
				<string>$(BUILT_PRODUCTS_DIR)/iLabeacon.app/iLabeacon</string>
			</dict>
			<key>isa</key>
			<string>XCBuildConfiguration</string>
			<key>name</key>
			<string>Debug</string>
		</dict>
		<key>0E5FAA781D1523080096B43B</key>
		<dict>
			<key>buildSettings</key>
			<dict>
				<key>BUNDLE_LOADER</key>
				<string>$(TEST_HOST)</string>
				<key>INFOPLIST_FILE</key>
				<string>iLabeaconTests/Info.plist</string>
				<key>LD_RUNPATH_SEARCH_PATHS</key>
				<string>$(inherited) @executable_path/Frameworks @loader_path/Frameworks</string>
				<key>PRODUCT_BUNDLE_IDENTIFIER</key>
				<string>pc.iLabeaconTests</string>
				<key>PRODUCT_NAME</key>
				<string>$(TARGET_NAME)</string>
				<key>TEST_HOST</key>
				<string>$(BUILT_PRODUCTS_DIR)/iLabeacon.app/iLabeacon</string>
			</dict>
			<key>isa</key>
			<string>XCBuildConfiguration</string>
			<key>name</key>
			<string>Release</string>
		</dict>
		<key>0E5FAA791D1523080096B43B</key>
		<dict>
			<key>buildConfigurations</key>
			<array>
				<string>0E5FAA7A1D1523080096B43B</string>
				<string>0E5FAA7B1D1523080096B43B</string>
			</array>
			<key>defaultConfigurationIsVisible</key>
			<string>0</string>
			<key>defaultConfigurationName</key>
			<string>Release</string>
			<key>isa</key>
			<string>XCConfigurationList</string>
		</dict>
		<key>0E5FAA7A1D1523080096B43B</key>
		<dict>
			<key>buildSettings</key>
			<dict>
				<key>INFOPLIST_FILE</key>
				<string>iLabeaconUITests/Info.plist</string>
				<key>LD_RUNPATH_SEARCH_PATHS</key>
				<string>$(inherited) @executable_path/Frameworks @loader_path/Frameworks</string>
				<key>PRODUCT_BUNDLE_IDENTIFIER</key>
				<string>pc.iLabeaconUITests</string>
				<key>PRODUCT_NAME</key>
				<string>$(TARGET_NAME)</string>
				<key>TEST_TARGET_NAME</key>
				<string>iLabeacon</string>
			</dict>
			<key>isa</key>
			<string>XCBuildConfiguration</string>
			<key>name</key>
			<string>Debug</string>
		</dict>
		<key>0E5FAA7B1D1523080096B43B</key>
		<dict>
			<key>buildSettings</key>
			<dict>
				<key>INFOPLIST_FILE</key>
				<string>iLabeaconUITests/Info.plist</string>
				<key>LD_RUNPATH_SEARCH_PATHS</key>
				<string>$(inherited) @executable_path/Frameworks @loader_path/Frameworks</string>
				<key>PRODUCT_BUNDLE_IDENTIFIER</key>
				<string>pc.iLabeaconUITests</string>
				<key>PRODUCT_NAME</key>
				<string>$(TARGET_NAME)</string>
				<key>TEST_TARGET_NAME</key>
				<string>iLabeacon</string>
			</dict>
			<key>isa</key>
			<string>XCBuildConfiguration</string>
			<key>name</key>
			<string>Release</string>
		</dict>
		<key>0E5FAA7C1D1523140096B43B</key>
		<dict>
			<key>fileEncoding</key>
			<string>4</string>
			<key>isa</key>
			<string>PBXFileReference</string>
			<key>lastKnownFileType</key>
			<string>sourcecode.swift</string>
			<key>path</key>
			<string>LocationManager.swift</string>
			<key>sourceTree</key>
			<string>&lt;group&gt;</string>
		</dict>
		<key>0E5FAA7D1D1523140096B43B</key>
		<dict>
			<key>fileRef</key>
			<string>0E5FAA7C1D1523140096B43B</string>
			<key>isa</key>
			<string>PBXBuildFile</string>
		</dict>
		<key>0ED99A6F1D270BED0075E91F</key>
		<dict>
			<key>children</key>
			<array>
				<string>0ED99A701D270BFF0075E91F</string>
				<string>0E47BA961D28586C00FDCA45</string>
			</array>
			<key>isa</key>
			<string>PBXGroup</string>
			<key>name</key>
			<string>Core Data</string>
			<key>sourceTree</key>
			<string>&lt;group&gt;</string>
		</dict>
		<key>0ED99A701D270BFF0075E91F</key>
		<dict>
			<key>fileEncoding</key>
			<string>4</string>
			<key>isa</key>
			<string>PBXFileReference</string>
			<key>lastKnownFileType</key>
			<string>sourcecode.swift</string>
			<key>path</key>
			<string>CoreDataStack.swift</string>
			<key>sourceTree</key>
			<string>&lt;group&gt;</string>
		</dict>
		<key>0ED99A711D270BFF0075E91F</key>
		<dict>
			<key>fileRef</key>
			<string>0ED99A701D270BFF0075E91F</string>
			<key>isa</key>
			<string>PBXBuildFile</string>
		</dict>
		<key>0EEDEB7C1D2AE9EF00229D6C</key>
		<dict>
			<key>fileEncoding</key>
			<string>4</string>
			<key>isa</key>
			<string>PBXFileReference</string>
			<key>lastKnownFileType</key>
			<string>sourcecode.swift</string>
			<key>path</key>
			<string>StartupInfoPageViewController.swift</string>
			<key>sourceTree</key>
			<string>&lt;group&gt;</string>
		</dict>
		<key>0EEDEB7D1D2AE9EF00229D6C</key>
		<dict>
			<key>fileRef</key>
			<string>0EEDEB7C1D2AE9EF00229D6C</string>
			<key>isa</key>
			<string>PBXBuildFile</string>
		</dict>
		<key>4B07A2A371A3D50786D63190</key>
		<dict>
			<key>children</key>
			<array>
				<string>B88B23962EC6A3399ABFB5BD</string>
			</array>
			<key>isa</key>
			<string>PBXGroup</string>
			<key>name</key>
			<string>Frameworks</string>
			<key>sourceTree</key>
			<string>&lt;group&gt;</string>
		</dict>
		<key>9EDEFBFB7ECC732D1B7F1F6A</key>
		<dict>
			<key>fileRef</key>
			<string>B88B23962EC6A3399ABFB5BD</string>
			<key>isa</key>
			<string>PBXBuildFile</string>
		</dict>
		<key>A5A1A428D843BF6FDFF4838A</key>
		<dict>
			<key>includeInIndex</key>
			<string>1</string>
			<key>isa</key>
			<string>PBXFileReference</string>
			<key>lastKnownFileType</key>
			<string>text.xcconfig</string>
			<key>name</key>
			<string>Pods-iLabeacon.release.xcconfig</string>
			<key>path</key>
			<string>Pods/Target Support Files/Pods-iLabeacon/Pods-iLabeacon.release.xcconfig</string>
			<key>sourceTree</key>
			<string>&lt;group&gt;</string>
		</dict>
		<key>AA4BD72455C867AE8E079D08</key>
		<dict>
			<key>buildActionMask</key>
			<string>2147483647</string>
			<key>files</key>
			<array/>
			<key>inputPaths</key>
			<array/>
			<key>isa</key>
			<string>PBXShellScriptBuildPhase</string>
			<key>name</key>
			<string>Embed Pods Frameworks</string>
			<key>outputPaths</key>
			<array/>
			<key>runOnlyForDeploymentPostprocessing</key>
			<string>0</string>
			<key>shellPath</key>
			<string>/bin/sh</string>
			<key>shellScript</key>
			<string>"${SRCROOT}/Pods/Target Support Files/Pods-iLabeacon/Pods-iLabeacon-frameworks.sh"
</string>
			<key>showEnvVarsInLog</key>
			<string>0</string>
		</dict>
		<key>B5FC5B746A350381BE6CC9A4</key>
		<dict>
			<key>includeInIndex</key>
			<string>1</string>
			<key>isa</key>
			<string>PBXFileReference</string>
			<key>lastKnownFileType</key>
			<string>text.xcconfig</string>
			<key>name</key>
			<string>Pods-iLabeacon.debug.xcconfig</string>
			<key>path</key>
			<string>Pods/Target Support Files/Pods-iLabeacon/Pods-iLabeacon.debug.xcconfig</string>
			<key>sourceTree</key>
			<string>&lt;group&gt;</string>
		</dict>
		<key>B88B23962EC6A3399ABFB5BD</key>
		<dict>
			<key>explicitFileType</key>
			<string>wrapper.framework</string>
			<key>includeInIndex</key>
			<string>0</string>
			<key>isa</key>
			<string>PBXFileReference</string>
			<key>path</key>
			<string>Pods_iLabeacon.framework</string>
			<key>sourceTree</key>
			<string>BUILT_PRODUCTS_DIR</string>
		</dict>
		<key>CCDFB3FEEEC36F43B678B3C3</key>
		<dict>
			<key>buildActionMask</key>
			<string>2147483647</string>
			<key>files</key>
			<array/>
			<key>inputPaths</key>
			<array/>
			<key>isa</key>
			<string>PBXShellScriptBuildPhase</string>
			<key>name</key>
			<string>Check Pods Manifest.lock</string>
			<key>outputPaths</key>
			<array/>
			<key>runOnlyForDeploymentPostprocessing</key>
			<string>0</string>
			<key>shellPath</key>
			<string>/bin/sh</string>
			<key>shellScript</key>
			<string>diff "${PODS_ROOT}/../Podfile.lock" "${PODS_ROOT}/Manifest.lock" &gt; /dev/null
if [[ $? != 0 ]] ; then
    cat &lt;&lt; EOM
error: The sandbox is not in sync with the Podfile.lock. Run 'pod install' or update your CocoaPods installation.
EOM
    exit 1
fi
</string>
			<key>showEnvVarsInLog</key>
			<string>0</string>
		</dict>
		<key>DAEF2F5043563171EEEFE1DC</key>
		<dict>
			<key>buildActionMask</key>
			<string>2147483647</string>
			<key>files</key>
			<array/>
			<key>inputPaths</key>
			<array/>
			<key>isa</key>
			<string>PBXShellScriptBuildPhase</string>
			<key>name</key>
			<string>Copy Pods Resources</string>
			<key>outputPaths</key>
			<array/>
			<key>runOnlyForDeploymentPostprocessing</key>
			<string>0</string>
			<key>shellPath</key>
			<string>/bin/sh</string>
			<key>shellScript</key>
			<string>"${SRCROOT}/Pods/Target Support Files/Pods-iLabeacon/Pods-iLabeacon-resources.sh"
</string>
			<key>showEnvVarsInLog</key>
			<string>0</string>
		</dict>
		<key>EBFFC4105DA871B4A150439B</key>
		<dict>
			<key>children</key>
			<array>
				<string>B5FC5B746A350381BE6CC9A4</string>
				<string>A5A1A428D843BF6FDFF4838A</string>
			</array>
			<key>isa</key>
			<string>PBXGroup</string>
			<key>name</key>
			<string>Pods</string>
			<key>sourceTree</key>
			<string>&lt;group&gt;</string>
		</dict>
	</dict>
	<key>rootObject</key>
	<string>0E5FAA431D1523080096B43B</string>
</dict>
</plist>
